// !$*UTF8*$!
{
	archiveVersion = 1;
	classes = {
	};
	objectVersion = 46;
	objects = {

/* Begin PBXBuildFile section */
		048033DB36250CC321FF4B41 /* libPods-MetalImage_Example.a in Frameworks */ = {isa = PBXBuildFile; fileRef = CB854053FC0962FE2666A098 /* libPods-MetalImage_Example.a */; };
		1FE3DC7C20E87D4B00D0B911 /* MISimpleImageFilterViewController.m in Sources */ = {isa = PBXBuildFile; fileRef = 1FE3DC6920E87D4A00D0B911 /* MISimpleImageFilterViewController.m */; };
		1FE3DC7D20E87D4B00D0B911 /* MIShowCaseFilterViewController.m in Sources */ = {isa = PBXBuildFile; fileRef = 1FE3DC6E20E87D4B00D0B911 /* MIShowCaseFilterViewController.m */; };
		1FE3DC7E20E87D4B00D0B911 /* MIShowCaseFilterListViewController.m in Sources */ = {isa = PBXBuildFile; fileRef = 1FE3DC6F20E87D4B00D0B911 /* MIShowCaseFilterListViewController.m */; };
		1FE3DC7F20E87D4B00D0B911 /* MISimpleVideoFileFilterViewController.m in Sources */ = {isa = PBXBuildFile; fileRef = 1FE3DC7120E87D4B00D0B911 /* MISimpleVideoFileFilterViewController.m */; };
		1FE3DC8020E87D4B00D0B911 /* MISimpleCaptureImageViewController.m in Sources */ = {isa = PBXBuildFile; fileRef = 1FE3DC7420E87D4B00D0B911 /* MISimpleCaptureImageViewController.m */; };
		1FE3DC8120E87D4B00D0B911 /* MISimpleVideoFilterViewController.m in Sources */ = {isa = PBXBuildFile; fileRef = 1FE3DC7720E87D4B00D0B911 /* MISimpleVideoFilterViewController.m */; };
		1FE3DC8220E87D4B00D0B911 /* MISimpleGifFilterViewController.m in Sources */ = {isa = PBXBuildFile; fileRef = 1FE3DC7A20E87D4B00D0B911 /* MISimpleGifFilterViewController.m */; };
		1FE3DFA320E888F900D0B911 /* lena.png in Resources */ = {isa = PBXBuildFile; fileRef = 1FE3DF9F20E888F900D0B911 /* lena.png */; };
		1FE3DFA420E888F900D0B911 /* lookup.png in Resources */ = {isa = PBXBuildFile; fileRef = 1FE3DFA020E888F900D0B911 /* lookup.png */; };
		1FE3DFA520E888F900D0B911 /* video.mp4 in Resources */ = {isa = PBXBuildFile; fileRef = 1FE3DFA120E888F900D0B911 /* video.mp4 */; };
		1FE3DFA620E888F900D0B911 /* lookup1.png in Resources */ = {isa = PBXBuildFile; fileRef = 1FE3DFA220E888F900D0B911 /* lookup1.png */; };
		6003F58E195388D20070C39A /* Foundation.framework in Frameworks */ = {isa = PBXBuildFile; fileRef = 6003F58D195388D20070C39A /* Foundation.framework */; };
		6003F590195388D20070C39A /* CoreGraphics.framework in Frameworks */ = {isa = PBXBuildFile; fileRef = 6003F58F195388D20070C39A /* CoreGraphics.framework */; };
		6003F592195388D20070C39A /* UIKit.framework in Frameworks */ = {isa = PBXBuildFile; fileRef = 6003F591195388D20070C39A /* UIKit.framework */; };
		6003F598195388D20070C39A /* InfoPlist.strings in Resources */ = {isa = PBXBuildFile; fileRef = 6003F596195388D20070C39A /* InfoPlist.strings */; };
		6003F59A195388D20070C39A /* main.m in Sources */ = {isa = PBXBuildFile; fileRef = 6003F599195388D20070C39A /* main.m */; };
		6003F59E195388D20070C39A /* MIAppDelegate.m in Sources */ = {isa = PBXBuildFile; fileRef = 6003F59D195388D20070C39A /* MIAppDelegate.m */; };
		6003F5A7195388D20070C39A /* MIViewController.m in Sources */ = {isa = PBXBuildFile; fileRef = 6003F5A6195388D20070C39A /* MIViewController.m */; };
		6003F5A9195388D20070C39A /* Images.xcassets in Resources */ = {isa = PBXBuildFile; fileRef = 6003F5A8195388D20070C39A /* Images.xcassets */; };
		71719F9F1E33DC2100824A3D /* LaunchScreen.storyboard in Resources */ = {isa = PBXBuildFile; fileRef = 71719F9D1E33DC2100824A3D /* LaunchScreen.storyboard */; };
		8482F42A20F449EA00DC16FE /* b1.jpg in Resources */ = {isa = PBXBuildFile; fileRef = 8482F42820F449EA00DC16FE /* b1.jpg */; };
		8482F42B20F449EA00DC16FE /* a1.jpg in Resources */ = {isa = PBXBuildFile; fileRef = 8482F42920F449EA00DC16FE /* a1.jpg */; };
		84FD1A3320F45FAC00B4C512 /* MISimpleBlendFilterViewController.m in Sources */ = {isa = PBXBuildFile; fileRef = 84FD1A3220F45FAC00B4C512 /* MISimpleBlendFilterViewController.m */; };
/* End PBXBuildFile section */

/* Begin PBXFileReference section */
		1FE3DC6920E87D4A00D0B911 /* MISimpleImageFilterViewController.m */ = {isa = PBXFileReference; fileEncoding = 4; lastKnownFileType = sourcecode.c.objc; path = MISimpleImageFilterViewController.m; sourceTree = "<group>"; };
		1FE3DC6A20E87D4A00D0B911 /* MISimpleImageFilterViewController.h */ = {isa = PBXFileReference; fileEncoding = 4; lastKnownFileType = sourcecode.c.h; path = MISimpleImageFilterViewController.h; sourceTree = "<group>"; };
		1FE3DC6C20E87D4B00D0B911 /* MIShowCaseFilterListViewController.h */ = {isa = PBXFileReference; fileEncoding = 4; lastKnownFileType = sourcecode.c.h; path = MIShowCaseFilterListViewController.h; sourceTree = "<group>"; };
		1FE3DC6D20E87D4B00D0B911 /* MIShowCaseFilterViewController.h */ = {isa = PBXFileReference; fileEncoding = 4; lastKnownFileType = sourcecode.c.h; path = MIShowCaseFilterViewController.h; sourceTree = "<group>"; };
		1FE3DC6E20E87D4B00D0B911 /* MIShowCaseFilterViewController.m */ = {isa = PBXFileReference; fileEncoding = 4; lastKnownFileType = sourcecode.c.objc; path = MIShowCaseFilterViewController.m; sourceTree = "<group>"; };
		1FE3DC6F20E87D4B00D0B911 /* MIShowCaseFilterListViewController.m */ = {isa = PBXFileReference; fileEncoding = 4; lastKnownFileType = sourcecode.c.objc; path = MIShowCaseFilterListViewController.m; sourceTree = "<group>"; };
		1FE3DC7120E87D4B00D0B911 /* MISimpleVideoFileFilterViewController.m */ = {isa = PBXFileReference; fileEncoding = 4; lastKnownFileType = sourcecode.c.objc; path = MISimpleVideoFileFilterViewController.m; sourceTree = "<group>"; };
		1FE3DC7220E87D4B00D0B911 /* MISimpleVideoFileFilterViewController.h */ = {isa = PBXFileReference; fileEncoding = 4; lastKnownFileType = sourcecode.c.h; path = MISimpleVideoFileFilterViewController.h; sourceTree = "<group>"; };
		1FE3DC7420E87D4B00D0B911 /* MISimpleCaptureImageViewController.m */ = {isa = PBXFileReference; fileEncoding = 4; lastKnownFileType = sourcecode.c.objc; path = MISimpleCaptureImageViewController.m; sourceTree = "<group>"; };
		1FE3DC7520E87D4B00D0B911 /* MISimpleCaptureImageViewController.h */ = {isa = PBXFileReference; fileEncoding = 4; lastKnownFileType = sourcecode.c.h; path = MISimpleCaptureImageViewController.h; sourceTree = "<group>"; };
		1FE3DC7720E87D4B00D0B911 /* MISimpleVideoFilterViewController.m */ = {isa = PBXFileReference; fileEncoding = 4; lastKnownFileType = sourcecode.c.objc; path = MISimpleVideoFilterViewController.m; sourceTree = "<group>"; };
		1FE3DC7820E87D4B00D0B911 /* MISimpleVideoFilterViewController.h */ = {isa = PBXFileReference; fileEncoding = 4; lastKnownFileType = sourcecode.c.h; path = MISimpleVideoFilterViewController.h; sourceTree = "<group>"; };
		1FE3DC7A20E87D4B00D0B911 /* MISimpleGifFilterViewController.m */ = {isa = PBXFileReference; fileEncoding = 4; lastKnownFileType = sourcecode.c.objc; path = MISimpleGifFilterViewController.m; sourceTree = "<group>"; };
		1FE3DC7B20E87D4B00D0B911 /* MISimpleGifFilterViewController.h */ = {isa = PBXFileReference; fileEncoding = 4; lastKnownFileType = sourcecode.c.h; path = MISimpleGifFilterViewController.h; sourceTree = "<group>"; };
		1FE3DF9F20E888F900D0B911 /* lena.png */ = {isa = PBXFileReference; lastKnownFileType = image.png; path = lena.png; sourceTree = "<group>"; };
		1FE3DFA020E888F900D0B911 /* lookup.png */ = {isa = PBXFileReference; lastKnownFileType = image.png; path = lookup.png; sourceTree = "<group>"; };
		1FE3DFA120E888F900D0B911 /* video.mp4 */ = {isa = PBXFileReference; lastKnownFileType = file; path = video.mp4; sourceTree = "<group>"; };
		1FE3DFA220E888F900D0B911 /* lookup1.png */ = {isa = PBXFileReference; lastKnownFileType = image.png; path = lookup1.png; sourceTree = "<group>"; };
		29FF6DD4686606CF2D5DF778 /* MetalImage.podspec */ = {isa = PBXFileReference; includeInIndex = 1; lastKnownFileType = text; name = MetalImage.podspec; path = ../MetalImage.podspec; sourceTree = "<group>"; xcLanguageSpecificationIdentifier = xcode.lang.ruby; };
		6003F58A195388D20070C39A /* MetalImage_Example.app */ = {isa = PBXFileReference; explicitFileType = wrapper.application; includeInIndex = 0; path = MetalImage_Example.app; sourceTree = BUILT_PRODUCTS_DIR; };
		6003F58D195388D20070C39A /* Foundation.framework */ = {isa = PBXFileReference; lastKnownFileType = wrapper.framework; name = Foundation.framework; path = System/Library/Frameworks/Foundation.framework; sourceTree = SDKROOT; };
		6003F58F195388D20070C39A /* CoreGraphics.framework */ = {isa = PBXFileReference; lastKnownFileType = wrapper.framework; name = CoreGraphics.framework; path = System/Library/Frameworks/CoreGraphics.framework; sourceTree = SDKROOT; };
		6003F591195388D20070C39A /* UIKit.framework */ = {isa = PBXFileReference; lastKnownFileType = wrapper.framework; name = UIKit.framework; path = System/Library/Frameworks/UIKit.framework; sourceTree = SDKROOT; };
		6003F595195388D20070C39A /* MetalImage-Info.plist */ = {isa = PBXFileReference; lastKnownFileType = text.plist.xml; path = "MetalImage-Info.plist"; sourceTree = "<group>"; };
		6003F597195388D20070C39A /* en */ = {isa = PBXFileReference; lastKnownFileType = text.plist.strings; name = en; path = en.lproj/InfoPlist.strings; sourceTree = "<group>"; };
		6003F599195388D20070C39A /* main.m */ = {isa = PBXFileReference; lastKnownFileType = sourcecode.c.objc; path = main.m; sourceTree = "<group>"; };
		6003F59B195388D20070C39A /* MetalImage-Prefix.pch */ = {isa = PBXFileReference; lastKnownFileType = sourcecode.c.h; path = "MetalImage-Prefix.pch"; sourceTree = "<group>"; };
		6003F59C195388D20070C39A /* MIAppDelegate.h */ = {isa = PBXFileReference; lastKnownFileType = sourcecode.c.h; path = MIAppDelegate.h; sourceTree = "<group>"; };
		6003F59D195388D20070C39A /* MIAppDelegate.m */ = {isa = PBXFileReference; lastKnownFileType = sourcecode.c.objc; path = MIAppDelegate.m; sourceTree = "<group>"; };
		6003F5A5195388D20070C39A /* MIViewController.h */ = {isa = PBXFileReference; lastKnownFileType = sourcecode.c.h; path = MIViewController.h; sourceTree = "<group>"; };
		6003F5A6195388D20070C39A /* MIViewController.m */ = {isa = PBXFileReference; lastKnownFileType = sourcecode.c.objc; path = MIViewController.m; sourceTree = "<group>"; };
		6003F5A8195388D20070C39A /* Images.xcassets */ = {isa = PBXFileReference; lastKnownFileType = folder.assetcatalog; path = Images.xcassets; sourceTree = "<group>"; };
		71719F9E1E33DC2100824A3D /* Base */ = {isa = PBXFileReference; lastKnownFileType = file.storyboard; name = Base; path = Base.lproj/LaunchScreen.storyboard; sourceTree = "<group>"; };
		8482F42820F449EA00DC16FE /* b1.jpg */ = {isa = PBXFileReference; lastKnownFileType = image.jpeg; path = b1.jpg; sourceTree = "<group>"; };
		8482F42920F449EA00DC16FE /* a1.jpg */ = {isa = PBXFileReference; lastKnownFileType = image.jpeg; path = a1.jpg; sourceTree = "<group>"; };
		84FD1A3120F45FAC00B4C512 /* MISimpleBlendFilterViewController.h */ = {isa = PBXFileReference; lastKnownFileType = sourcecode.c.h; path = MISimpleBlendFilterViewController.h; sourceTree = "<group>"; };
		84FD1A3220F45FAC00B4C512 /* MISimpleBlendFilterViewController.m */ = {isa = PBXFileReference; lastKnownFileType = sourcecode.c.objc; path = MISimpleBlendFilterViewController.m; sourceTree = "<group>"; };
		8E1E235BE935B616F91F77C7 /* Pods-MetalImage_Tests.debug.xcconfig */ = {isa = PBXFileReference; includeInIndex = 1; lastKnownFileType = text.xcconfig; name = "Pods-MetalImage_Tests.debug.xcconfig"; path = "Pods/Target Support Files/Pods-MetalImage_Tests/Pods-MetalImage_Tests.debug.xcconfig"; sourceTree = "<group>"; };
		972262BF680B1412C2E5518A /* Pods-MetalImage_Example.release.xcconfig */ = {isa = PBXFileReference; includeInIndex = 1; lastKnownFileType = text.xcconfig; name = "Pods-MetalImage_Example.release.xcconfig"; path = "Pods/Target Support Files/Pods-MetalImage_Example/Pods-MetalImage_Example.release.xcconfig"; sourceTree = "<group>"; };
		A16C09A956CD74432676C696 /* Pods-MetalImage_Example.debug.xcconfig */ = {isa = PBXFileReference; includeInIndex = 1; lastKnownFileType = text.xcconfig; name = "Pods-MetalImage_Example.debug.xcconfig"; path = "Pods/Target Support Files/Pods-MetalImage_Example/Pods-MetalImage_Example.debug.xcconfig"; sourceTree = "<group>"; };
		AE6FFE4AB3FEE1D6CC8C8147 /* LICENSE */ = {isa = PBXFileReference; includeInIndex = 1; lastKnownFileType = text; name = LICENSE; path = ../LICENSE; sourceTree = "<group>"; };
		BE24F89B87D424DD7C92F8DA /* README.md */ = {isa = PBXFileReference; includeInIndex = 1; lastKnownFileType = net.daringfireball.markdown; name = README.md; path = ../README.md; sourceTree = "<group>"; };
		CA060CCF7453EC2B0E974D0C /* Pods-MetalImage_Tests.release.xcconfig */ = {isa = PBXFileReference; includeInIndex = 1; lastKnownFileType = text.xcconfig; name = "Pods-MetalImage_Tests.release.xcconfig"; path = "Pods/Target Support Files/Pods-MetalImage_Tests/Pods-MetalImage_Tests.release.xcconfig"; sourceTree = "<group>"; };
		CB854053FC0962FE2666A098 /* libPods-MetalImage_Example.a */ = {isa = PBXFileReference; explicitFileType = archive.ar; includeInIndex = 0; path = "libPods-MetalImage_Example.a"; sourceTree = BUILT_PRODUCTS_DIR; };
/* End PBXFileReference section */

/* Begin PBXFrameworksBuildPhase section */
		6003F587195388D20070C39A /* Frameworks */ = {
			isa = PBXFrameworksBuildPhase;
			buildActionMask = 2147483647;
			files = (
				6003F590195388D20070C39A /* CoreGraphics.framework in Frameworks */,
				6003F592195388D20070C39A /* UIKit.framework in Frameworks */,
				6003F58E195388D20070C39A /* Foundation.framework in Frameworks */,
				048033DB36250CC321FF4B41 /* libPods-MetalImage_Example.a in Frameworks */,
			);
			runOnlyForDeploymentPostprocessing = 0;
		};
/* End PBXFrameworksBuildPhase section */

/* Begin PBXGroup section */
		1FE3DC6820E87D4A00D0B911 /* SimpleImageFilter */ = {
			isa = PBXGroup;
			children = (
				1FE3DC6A20E87D4A00D0B911 /* MISimpleImageFilterViewController.h */,
				1FE3DC6920E87D4A00D0B911 /* MISimpleImageFilterViewController.m */,
			);
			path = SimpleImageFilter;
			sourceTree = "<group>";
		};
		1FE3DC6B20E87D4B00D0B911 /* FilterShowCase */ = {
			isa = PBXGroup;
			children = (
				1FE3DC6C20E87D4B00D0B911 /* MIShowCaseFilterListViewController.h */,
				1FE3DC6F20E87D4B00D0B911 /* MIShowCaseFilterListViewController.m */,
				1FE3DC6D20E87D4B00D0B911 /* MIShowCaseFilterViewController.h */,
				1FE3DC6E20E87D4B00D0B911 /* MIShowCaseFilterViewController.m */,
			);
			path = FilterShowCase;
			sourceTree = "<group>";
		};
		1FE3DC7020E87D4B00D0B911 /* SimpleVideoFileFilter */ = {
			isa = PBXGroup;
			children = (
				1FE3DC7220E87D4B00D0B911 /* MISimpleVideoFileFilterViewController.h */,
				1FE3DC7120E87D4B00D0B911 /* MISimpleVideoFileFilterViewController.m */,
			);
			path = SimpleVideoFileFilter;
			sourceTree = "<group>";
		};
		1FE3DC7320E87D4B00D0B911 /* SimpleCaptureImage */ = {
			isa = PBXGroup;
			children = (
				1FE3DC7520E87D4B00D0B911 /* MISimpleCaptureImageViewController.h */,
				1FE3DC7420E87D4B00D0B911 /* MISimpleCaptureImageViewController.m */,
			);
			path = SimpleCaptureImage;
			sourceTree = "<group>";
		};
		1FE3DC7620E87D4B00D0B911 /* SimpleVideoFilter */ = {
			isa = PBXGroup;
			children = (
				1FE3DC7820E87D4B00D0B911 /* MISimpleVideoFilterViewController.h */,
				1FE3DC7720E87D4B00D0B911 /* MISimpleVideoFilterViewController.m */,
			);
			path = SimpleVideoFilter;
			sourceTree = "<group>";
		};
		1FE3DC7920E87D4B00D0B911 /* SimpleGifFilter */ = {
			isa = PBXGroup;
			children = (
				1FE3DC7B20E87D4B00D0B911 /* MISimpleGifFilterViewController.h */,
				1FE3DC7A20E87D4B00D0B911 /* MISimpleGifFilterViewController.m */,
			);
			path = SimpleGifFilter;
			sourceTree = "<group>";
		};
		1FE3DF9E20E888F900D0B911 /* Resources */ = {
			isa = PBXGroup;
			children = (
				8482F42920F449EA00DC16FE /* a1.jpg */,
				8482F42820F449EA00DC16FE /* b1.jpg */,
				1FE3DF9F20E888F900D0B911 /* lena.png */,
				1FE3DFA020E888F900D0B911 /* lookup.png */,
				1FE3DFA220E888F900D0B911 /* lookup1.png */,
				1FE3DFA120E888F900D0B911 /* video.mp4 */,
			);
			path = Resources;
			sourceTree = "<group>";
		};
		6003F581195388D10070C39A = {
			isa = PBXGroup;
			children = (
				60FF7A9C1954A5C5007DD14C /* Podspec Metadata */,
				6003F593195388D20070C39A /* Example for MetalImage */,
				6003F58C195388D20070C39A /* Frameworks */,
				6003F58B195388D20070C39A /* Products */,
				C3EB5D06CD14702DC266BE6A /* Pods */,
			);
			sourceTree = "<group>";
		};
		6003F58B195388D20070C39A /* Products */ = {
			isa = PBXGroup;
			children = (
				6003F58A195388D20070C39A /* MetalImage_Example.app */,
			);
			name = Products;
			sourceTree = "<group>";
		};
		6003F58C195388D20070C39A /* Frameworks */ = {
			isa = PBXGroup;
			children = (
				6003F58D195388D20070C39A /* Foundation.framework */,
				6003F58F195388D20070C39A /* CoreGraphics.framework */,
				6003F591195388D20070C39A /* UIKit.framework */,
				CB854053FC0962FE2666A098 /* libPods-MetalImage_Example.a */,
			);
			name = Frameworks;
			sourceTree = "<group>";
		};
		6003F593195388D20070C39A /* Example for MetalImage */ = {
			isa = PBXGroup;
			children = (
				1FE3DF9E20E888F900D0B911 /* Resources */,
				1FE3DC6B20E87D4B00D0B911 /* FilterShowCase */,
				1FE3DC7320E87D4B00D0B911 /* SimpleCaptureImage */,
				1FE3DC7920E87D4B00D0B911 /* SimpleGifFilter */,
				1FE3DC6820E87D4A00D0B911 /* SimpleImageFilter */,
				1FE3DC7020E87D4B00D0B911 /* SimpleVideoFileFilter */,
				1FE3DC7620E87D4B00D0B911 /* SimpleVideoFilter */,
				84FD1A3020F45F7500B4C512 /* SimpleBlendFilter */,
				6003F59C195388D20070C39A /* MIAppDelegate.h */,
				6003F59D195388D20070C39A /* MIAppDelegate.m */,
				6003F5A5195388D20070C39A /* MIViewController.h */,
				6003F5A6195388D20070C39A /* MIViewController.m */,
				71719F9D1E33DC2100824A3D /* LaunchScreen.storyboard */,
				6003F5A8195388D20070C39A /* Images.xcassets */,
				6003F594195388D20070C39A /* Supporting Files */,
			);
			name = "Example for MetalImage";
			path = MetalImage;
			sourceTree = "<group>";
		};
		6003F594195388D20070C39A /* Supporting Files */ = {
			isa = PBXGroup;
			children = (
				6003F595195388D20070C39A /* MetalImage-Info.plist */,
				6003F596195388D20070C39A /* InfoPlist.strings */,
				6003F599195388D20070C39A /* main.m */,
				6003F59B195388D20070C39A /* MetalImage-Prefix.pch */,
			);
			name = "Supporting Files";
			sourceTree = "<group>";
		};
		60FF7A9C1954A5C5007DD14C /* Podspec Metadata */ = {
			isa = PBXGroup;
			children = (
				29FF6DD4686606CF2D5DF778 /* MetalImage.podspec */,
				BE24F89B87D424DD7C92F8DA /* README.md */,
				AE6FFE4AB3FEE1D6CC8C8147 /* LICENSE */,
			);
			name = "Podspec Metadata";
			sourceTree = "<group>";
		};
		84FD1A3020F45F7500B4C512 /* SimpleBlendFilter */ = {
			isa = PBXGroup;
			children = (
				84FD1A3120F45FAC00B4C512 /* MISimpleBlendFilterViewController.h */,
				84FD1A3220F45FAC00B4C512 /* MISimpleBlendFilterViewController.m */,
			);
			path = SimpleBlendFilter;
			sourceTree = "<group>";
		};
		C3EB5D06CD14702DC266BE6A /* Pods */ = {
			isa = PBXGroup;
			children = (
				A16C09A956CD74432676C696 /* Pods-MetalImage_Example.debug.xcconfig */,
				972262BF680B1412C2E5518A /* Pods-MetalImage_Example.release.xcconfig */,
				8E1E235BE935B616F91F77C7 /* Pods-MetalImage_Tests.debug.xcconfig */,
				CA060CCF7453EC2B0E974D0C /* Pods-MetalImage_Tests.release.xcconfig */,
			);
			name = Pods;
			sourceTree = "<group>";
		};
/* End PBXGroup section */

/* Begin PBXNativeTarget section */
		6003F589195388D20070C39A /* MetalImage_Example */ = {
			isa = PBXNativeTarget;
			buildConfigurationList = 6003F5BF195388D20070C39A /* Build configuration list for PBXNativeTarget "MetalImage_Example" */;
			buildPhases = (
				215B891F8A810B9482A33895 /* [CP] Check Pods Manifest.lock */,
				6003F586195388D20070C39A /* Sources */,
				6003F587195388D20070C39A /* Frameworks */,
				6003F588195388D20070C39A /* Resources */,
				FE7B5F325305CA505CCE6948 /* [CP] Copy Pods Resources */,
			);
			buildRules = (
			);
			dependencies = (
			);
			name = MetalImage_Example;
			productName = MetalImage;
			productReference = 6003F58A195388D20070C39A /* MetalImage_Example.app */;
			productType = "com.apple.product-type.application";
		};
/* End PBXNativeTarget section */

/* Begin PBXProject section */
		6003F582195388D10070C39A /* Project object */ = {
			isa = PBXProject;
			attributes = {
				CLASSPREFIX = MI;
				LastUpgradeCheck = 0940;
				ORGANIZATIONNAME = zhangsr;
				TargetAttributes = {
					6003F589195388D20070C39A = {
						DevelopmentTeam = EC87CRQ8DS;
					};
				};
			};
			buildConfigurationList = 6003F585195388D10070C39A /* Build configuration list for PBXProject "MetalImage" */;
			compatibilityVersion = "Xcode 3.2";
			developmentRegion = English;
			hasScannedForEncodings = 0;
			knownRegions = (
				en,
				Base,
			);
			mainGroup = 6003F581195388D10070C39A;
			productRefGroup = 6003F58B195388D20070C39A /* Products */;
			projectDirPath = "";
			projectRoot = "";
			targets = (
				6003F589195388D20070C39A /* MetalImage_Example */,
			);
		};
/* End PBXProject section */

/* Begin PBXResourcesBuildPhase section */
		6003F588195388D20070C39A /* Resources */ = {
			isa = PBXResourcesBuildPhase;
			buildActionMask = 2147483647;
			files = (
				8482F42A20F449EA00DC16FE /* b1.jpg in Resources */,
				71719F9F1E33DC2100824A3D /* LaunchScreen.storyboard in Resources */,
				1FE3DFA620E888F900D0B911 /* lookup1.png in Resources */,
				1FE3DFA520E888F900D0B911 /* video.mp4 in Resources */,
				6003F5A9195388D20070C39A /* Images.xcassets in Resources */,
				1FE3DFA420E888F900D0B911 /* lookup.png in Resources */,
				8482F42B20F449EA00DC16FE /* a1.jpg in Resources */,
				6003F598195388D20070C39A /* InfoPlist.strings in Resources */,
				1FE3DFA320E888F900D0B911 /* lena.png in Resources */,
			);
			runOnlyForDeploymentPostprocessing = 0;
		};
/* End PBXResourcesBuildPhase section */

/* Begin PBXShellScriptBuildPhase section */
		215B891F8A810B9482A33895 /* [CP] Check Pods Manifest.lock */ = {
			isa = PBXShellScriptBuildPhase;
			buildActionMask = 2147483647;
			files = (
			);
			inputPaths = (
				"${PODS_PODFILE_DIR_PATH}/Podfile.lock",
				"${PODS_ROOT}/Manifest.lock",
			);
			name = "[CP] Check Pods Manifest.lock";
			outputPaths = (
				"$(DERIVED_FILE_DIR)/Pods-MetalImage_Example-checkManifestLockResult.txt",
			);
			runOnlyForDeploymentPostprocessing = 0;
			shellPath = /bin/sh;
			shellScript = "diff \"${PODS_PODFILE_DIR_PATH}/Podfile.lock\" \"${PODS_ROOT}/Manifest.lock\" > /dev/null\nif [ $? != 0 ] ; then\n    # print error to STDERR\n    echo \"error: The sandbox is not in sync with the Podfile.lock. Run 'pod install' or update your CocoaPods installation.\" >&2\n    exit 1\nfi\n# This output is used by Xcode 'outputs' to avoid re-running this script phase.\necho \"SUCCESS\" > \"${SCRIPT_OUTPUT_FILE_0}\"\n";
			showEnvVarsInLog = 0;
		};
		FE7B5F325305CA505CCE6948 /* [CP] Copy Pods Resources */ = {
			isa = PBXShellScriptBuildPhase;
			buildActionMask = 2147483647;
			files = (
			);
			inputPaths = (
				"${SRCROOT}/Pods/Target Support Files/Pods-MetalImage_Example/Pods-MetalImage_Example-resources.sh",
				"${PODS_CONFIGURATION_BUILD_DIR}/MetalImage/MetalImage.bundle",
			);
			name = "[CP] Copy Pods Resources";
			outputPaths = (
				"${TARGET_BUILD_DIR}/${UNLOCALIZED_RESOURCES_FOLDER_PATH}/MetalImage.bundle",
			);
			runOnlyForDeploymentPostprocessing = 0;
			shellPath = /bin/sh;
			shellScript = "\"${SRCROOT}/Pods/Target Support Files/Pods-MetalImage_Example/Pods-MetalImage_Example-resources.sh\"\n";
			showEnvVarsInLog = 0;
		};
/* End PBXShellScriptBuildPhase section */

/* Begin PBXSourcesBuildPhase section */
		6003F586195388D20070C39A /* Sources */ = {
			isa = PBXSourcesBuildPhase;
			buildActionMask = 2147483647;
			files = (
				1FE3DC7D20E87D4B00D0B911 /* MIShowCaseFilterViewController.m in Sources */,
				1FE3DC8020E87D4B00D0B911 /* MISimpleCaptureImageViewController.m in Sources */,
				1FE3DC7E20E87D4B00D0B911 /* MIShowCaseFilterListViewController.m in Sources */,
				6003F59E195388D20070C39A /* MIAppDelegate.m in Sources */,
				6003F5A7195388D20070C39A /* MIViewController.m in Sources */,
				1FE3DC7C20E87D4B00D0B911 /* MISimpleImageFilterViewController.m in Sources */,
				1FE3DC8120E87D4B00D0B911 /* MISimpleVideoFilterViewController.m in Sources */,
				84FD1A3320F45FAC00B4C512 /* MISimpleBlendFilterViewController.m in Sources */,
				6003F59A195388D20070C39A /* main.m in Sources */,
				1FE3DC7F20E87D4B00D0B911 /* MISimpleVideoFileFilterViewController.m in Sources */,
				1FE3DC8220E87D4B00D0B911 /* MISimpleGifFilterViewController.m in Sources */,
			);
			runOnlyForDeploymentPostprocessing = 0;
		};
/* End PBXSourcesBuildPhase section */

/* Begin PBXVariantGroup section */
		6003F596195388D20070C39A /* InfoPlist.strings */ = {
			isa = PBXVariantGroup;
			children = (
				6003F597195388D20070C39A /* en */,
			);
			name = InfoPlist.strings;
			sourceTree = "<group>";
		};
		71719F9D1E33DC2100824A3D /* LaunchScreen.storyboard */ = {
			isa = PBXVariantGroup;
			children = (
				71719F9E1E33DC2100824A3D /* Base */,
			);
			name = LaunchScreen.storyboard;
			sourceTree = "<group>";
		};
/* End PBXVariantGroup section */

/* Begin XCBuildConfiguration section */
		6003F5BD195388D20070C39A /* Debug */ = {
			isa = XCBuildConfiguration;
			buildSettings = {
				ALWAYS_SEARCH_USER_PATHS = NO;
				CLANG_CXX_LANGUAGE_STANDARD = "gnu++0x";
				CLANG_CXX_LIBRARY = "libc++";
				CLANG_ENABLE_MODULES = YES;
				CLANG_ENABLE_OBJC_ARC = YES;
				CLANG_WARN_BLOCK_CAPTURE_AUTORELEASING = YES;
				CLANG_WARN_BOOL_CONVERSION = YES;
				CLANG_WARN_COMMA = YES;
				CLANG_WARN_CONSTANT_CONVERSION = YES;
				CLANG_WARN_DEPRECATED_OBJC_IMPLEMENTATIONS = YES;
				CLANG_WARN_DIRECT_OBJC_ISA_USAGE = YES_ERROR;
				CLANG_WARN_EMPTY_BODY = YES;
				CLANG_WARN_ENUM_CONVERSION = YES;
				CLANG_WARN_INFINITE_RECURSION = YES;
				CLANG_WARN_INT_CONVERSION = YES;
				CLANG_WARN_NON_LITERAL_NULL_CONVERSION = YES;
				CLANG_WARN_OBJC_IMPLICIT_RETAIN_SELF = NO;
				CLANG_WARN_OBJC_LITERAL_CONVERSION = YES;
				CLANG_WARN_OBJC_ROOT_CLASS = YES_ERROR;
				CLANG_WARN_RANGE_LOOP_ANALYSIS = YES;
				CLANG_WARN_STRICT_PROTOTYPES = YES;
				CLANG_WARN_SUSPICIOUS_MOVE = YES;
				CLANG_WARN_UNREACHABLE_CODE = YES;
				CLANG_WARN__DUPLICATE_METHOD_MATCH = YES;
				"CODE_SIGN_IDENTITY[sdk=iphoneos*]" = "iPhone Developer";
				COPY_PHASE_STRIP = NO;
				ENABLE_STRICT_OBJC_MSGSEND = YES;
				ENABLE_TESTABILITY = YES;
				GCC_C_LANGUAGE_STANDARD = gnu99;
				GCC_DYNAMIC_NO_PIC = NO;
				GCC_NO_COMMON_BLOCKS = YES;
				GCC_OPTIMIZATION_LEVEL = 0;
				GCC_PREPROCESSOR_DEFINITIONS = (
					"DEBUG=1",
					"$(inherited)",
				);
				GCC_SYMBOLS_PRIVATE_EXTERN = NO;
				GCC_WARN_64_TO_32_BIT_CONVERSION = YES;
				GCC_WARN_ABOUT_RETURN_TYPE = YES_ERROR;
				GCC_WARN_UNDECLARED_SELECTOR = YES;
				GCC_WARN_UNINITIALIZED_AUTOS = YES_AGGRESSIVE;
				GCC_WARN_UNUSED_FUNCTION = YES;
				GCC_WARN_UNUSED_VARIABLE = YES;
				IPHONEOS_DEPLOYMENT_TARGET = 9.0;
				ONLY_ACTIVE_ARCH = YES;
				SDKROOT = iphoneos;
				TARGETED_DEVICE_FAMILY = "1,2";
			};
			name = Debug;
		};
		6003F5BE195388D20070C39A /* Release */ = {
			isa = XCBuildConfiguration;
			buildSettings = {
				ALWAYS_SEARCH_USER_PATHS = NO;
				CLANG_CXX_LANGUAGE_STANDARD = "gnu++0x";
				CLANG_CXX_LIBRARY = "libc++";
				CLANG_ENABLE_MODULES = YES;
				CLANG_ENABLE_OBJC_ARC = YES;
				CLANG_WARN_BLOCK_CAPTURE_AUTORELEASING = YES;
				CLANG_WARN_BOOL_CONVERSION = YES;
				CLANG_WARN_COMMA = YES;
				CLANG_WARN_CONSTANT_CONVERSION = YES;
				CLANG_WARN_DEPRECATED_OBJC_IMPLEMENTATIONS = YES;
				CLANG_WARN_DIRECT_OBJC_ISA_USAGE = YES_ERROR;
				CLANG_WARN_EMPTY_BODY = YES;
				CLANG_WARN_ENUM_CONVERSION = YES;
				CLANG_WARN_INFINITE_RECURSION = YES;
				CLANG_WARN_INT_CONVERSION = YES;
				CLANG_WARN_NON_LITERAL_NULL_CONVERSION = YES;
				CLANG_WARN_OBJC_IMPLICIT_RETAIN_SELF = NO;
				CLANG_WARN_OBJC_LITERAL_CONVERSION = YES;
				CLANG_WARN_OBJC_ROOT_CLASS = YES_ERROR;
				CLANG_WARN_RANGE_LOOP_ANALYSIS = YES;
				CLANG_WARN_STRICT_PROTOTYPES = YES;
				CLANG_WARN_SUSPICIOUS_MOVE = YES;
				CLANG_WARN_UNREACHABLE_CODE = YES;
				CLANG_WARN__DUPLICATE_METHOD_MATCH = YES;
				"CODE_SIGN_IDENTITY[sdk=iphoneos*]" = "iPhone Developer";
				COPY_PHASE_STRIP = YES;
				ENABLE_NS_ASSERTIONS = NO;
				ENABLE_STRICT_OBJC_MSGSEND = YES;
				GCC_C_LANGUAGE_STANDARD = gnu99;
				GCC_NO_COMMON_BLOCKS = YES;
				GCC_WARN_64_TO_32_BIT_CONVERSION = YES;
				GCC_WARN_ABOUT_RETURN_TYPE = YES_ERROR;
				GCC_WARN_UNDECLARED_SELECTOR = YES;
				GCC_WARN_UNINITIALIZED_AUTOS = YES_AGGRESSIVE;
				GCC_WARN_UNUSED_FUNCTION = YES;
				GCC_WARN_UNUSED_VARIABLE = YES;
				IPHONEOS_DEPLOYMENT_TARGET = 9.0;
				SDKROOT = iphoneos;
				TARGETED_DEVICE_FAMILY = "1,2";
				VALIDATE_PRODUCT = YES;
			};
			name = Release;
		};
		6003F5C0195388D20070C39A /* Debug */ = {
			isa = XCBuildConfiguration;
			baseConfigurationReference = A16C09A956CD74432676C696 /* Pods-MetalImage_Example.debug.xcconfig */;
			buildSettings = {
				ASSETCATALOG_COMPILER_APPICON_NAME = AppIcon;
				DEVELOPMENT_TEAM = EC87CRQ8DS;
				GCC_PRECOMPILE_PREFIX_HEADER = YES;
				GCC_PREFIX_HEADER = "MetalImage/MetalImage-Prefix.pch";
				INFOPLIST_FILE = "MetalImage/MetalImage-Info.plist";
				IPHONEOS_DEPLOYMENT_TARGET = 9.0;
				MODULE_NAME = ExampleApp;
				MTL_HEADER_SEARCH_PATHS = "\"$(SRCROOT)/MetalImage/Shader/Shader\"";
				PRODUCT_BUNDLE_IDENTIFIER = com.zhang.MetalImageExample;
				PRODUCT_NAME = "$(TARGET_NAME)";
				WRAPPER_EXTENSION = app;
			};
			name = Debug;
		};
		6003F5C1195388D20070C39A /* Release */ = {
			isa = XCBuildConfiguration;
			baseConfigurationReference = 972262BF680B1412C2E5518A /* Pods-MetalImage_Example.release.xcconfig */;
			buildSettings = {
				ASSETCATALOG_COMPILER_APPICON_NAME = AppIcon;
				DEVELOPMENT_TEAM = EC87CRQ8DS;
				GCC_PRECOMPILE_PREFIX_HEADER = YES;
				GCC_PREFIX_HEADER = "MetalImage/MetalImage-Prefix.pch";
				INFOPLIST_FILE = "MetalImage/MetalImage-Info.plist";
				IPHONEOS_DEPLOYMENT_TARGET = 9.0;
				MODULE_NAME = ExampleApp;
				MTL_HEADER_SEARCH_PATHS = "(SRCROOT)/MetalImage/Shader";
				PRODUCT_BUNDLE_IDENTIFIER = com.zhang.MetalImageExample;
				PRODUCT_NAME = "$(TARGET_NAME)";
				WRAPPER_EXTENSION = app;
			};
			name = Release;
		};
/* End XCBuildConfiguration section */

/* Begin XCConfigurationList section */
		6003F585195388D10070C39A /* Build configuration list for PBXProject "MetalImage" */ = {
			isa = XCConfigurationList;
			buildConfigurations = (
				6003F5BD195388D20070C39A /* Debug */,
				6003F5BE195388D20070C39A /* Release */,
			);
			defaultConfigurationIsVisible = 0;
			defaultConfigurationName = Release;
		};
		6003F5BF195388D20070C39A /* Build configuration list for PBXNativeTarget "MetalImage_Example" */ = {
			isa = XCConfigurationList;
			buildConfigurations = (
				6003F5C0195388D20070C39A /* Debug */,
				6003F5C1195388D20070C39A /* Release */,
			);
			defaultConfigurationIsVisible = 0;
			defaultConfigurationName = Release;
		};
/* End XCConfigurationList section */
	};
	rootObject = 6003F582195388D10070C39A /* Project object */;
}
